{
  "name": "credit-card-engine",
  "lockfileVersion": 3,
  "requires": true,
  "packages": {
    "": {
      "name": "credit-card-engine",
      "workspaces": [
        "packages/loadtest"
      ],
      "devDependencies": {
        "turbo": "^2.11.0"
      }
    },
    "node_modules/@turbo/darwin-64": {
      "version": "2.11.2",
      "resolved": "https://registry.npmjs.org/@turbo/darwin-64/-/darwin-64-2.11.2.tgz",
      "integrity": "sha512-0pGfE4Lpxrbd+6gUD9z025Tn4z9uMaSNZ3VX0H/hkUPZkjY5xrCa1NfTqocs09NM5NiYE3wEVcoYBadrhayRCA==",
      "cpu": [
        "x64"
      ],
      "dev": true,
      "license": "MIT",
      "optional": true,
      "os": [
        "darwin"
      ]
    },
    "node_modules/@turbo/darwin-arm64": {
      "version": "2.11.2",
      "resolved": "https://registry.npmjs.org/@turbo/darwin-arm64/-/darwin-arm64-2.11.2.tgz",
      "integrity": "sha512-Ub7hTbu0bPSiW156ciuLCexG5/SfuZM/QWeBBh9o8P4XyKiZwKqubT6Y9DdJjdp4ZY2wS47Prdl06Xxzt0q6zw==",
      "cpu": [
        "arm64"
      ],
      "dev": true,
      "license": "MIT",
      "optional": true,
      "os": [
        "darwin"
      ]
    },
    "node_modules/@turbo/linux-64": {
      "version": "2.11.2",
      "resolved": "https://registry.npmjs.org/@turbo/linux-64/-/linux-64-2.11.2.tgz",
      "integrity": "sha512-8ipdmgmvSomfQ8E9afUsefO+BLO6QMW7srrHqMOCXD3BPX4FlYqqWAJY1GvbQotZMWKzNohdVkevrUYM6ZzYKA==",
      "cpu": [
        "x64"
      ],
      "dev": true,
      "license": "MIT",
      "optional": true,
      "os": [
        "android",
        "linux"
      ]
    },
    "node_modules/@turbo/linux-arm64": {
      "version": "2.11.2",
      "resolved": "https://registry.npmjs.org/@turbo/linux-arm64/-/linux-arm64-2.11.2.tgz",
      "integrity": "sha512-tsftYXAzgc+GdosqyRP8+Zzk2evJ8ej7Otal7/DU+6GVekVZ3kqM/z7zlGuF4TSHeetWxX04KN1I64LkmvYzgg==",
      "cpu": [
        "arm64"
      ],
      "dev": true,
      "license": "MIT",
      "optional": true,
      "os": [
        "android",
        "linux"
      ]
    },
    "node_modules/@turbo/windows-64": {
      "version": "2.11.2",
      "resolved": "https://registry.npmjs.org/@turbo/windows-64/-/windows-64-2.11.2.tgz",
      "integrity": "sha512-p5LDVcGmC8W6FCrJPehr1t0ZvYqM8xvG3Va+LkwtDMK3Rl0NhSsJOYbYZVBfMbkm+9RKcCvekFCbSVtQ9Eyuqg==",
      "cpu": [
        "x64"
      ],
      "dev": true,
      "license": "MIT",
      "optional": true,
      "os": [
        "win32"
      ]
    },
    "node_modules/@turbo/windows-arm64": {
      "version": "2.11.2",
      "resolved": "https://registry.npmjs.org/@turbo/windows-arm64/-/windows-arm64-2.11.2.tgz",
      "integrity": "sha512-u0M3m1aXo9lpDM/2iQhxlGzgWjHFq/MC4TqHn1YAvxk8g1wGtzRB2QBx/SLqRChhPhC29mzaB8eLcxKh/pcM1g==",
      "cpu": [
        "arm64"
      ],
      "dev": true,
      "license": "MIT",
      "optional": true,
      "os": [
        "win32"
      ]
    },
    "node_modules/loadtest": {
      "resolved": "packages/loadtest",
      "link": true
    },
    "node_modules/turbo": {
      "version": "2.11.2",
      "resolved": "https://registry.npmjs.org/turbo/-/turbo-2.11.2.tgz",
      "integrity": "sha512-s0GhnWXlAAN+wb2GRMQxnZgFweRWTAceRWW/4Lk9iHj7QuLZMjDxQQqu+Xoh7Nckuy8UiSim520w6yqP2+ertw==",
      "dev": true,
      "license": "MIT",
      "bin": {
        "turbo": "bin/turbo"
      },
      "optionalDependencies": {
        "@turbo/darwin-64": "2.11.2",
        "@turbo/darwin-arm64": "2.11.2",
        "@turbo/linux-64": "2.11.2",
        "@turbo/linux-arm64": "2.11.2",
        "@turbo/windows-64": "2.11.2",
        "@turbo/windows-arm64": "2.11.2"
      }
    },
    "packages/loadtest": {}
  }
}
